
Microsoft Visual Studio Solution File, Format Version 12.00
# Visual Studio Version 17
VisualStudioVersion = 17.0.31903.59
MinimumVisualStudioVersion = 10.0.40219.1
Project("{FAE04EC0-301F-11D3-BF4B-00C04F79EFBC}") = "ConsoleNameTaker", "ConsoleNameTaker\ConsoleNameTaker.csproj", "{2DBF069A-CB0D-4E8F-BB94-841CACFA244B}"
EndProject
Project("{FAE04EC0-301F-11D3-BF4B-00C04F79EFBC}") = "ConsoleCountderCalculator", "ConsoleCountderCalculator\ConsoleCountderCalculator.csproj", "{DAAB70F2-D3ED-488E-855C-344FA67AE971}"
EndProject
Project("{FAE04EC0-301F-11D3-BF4B-00C04F79EFBC}") = "AuthSystem", "AuthSystem\AuthSystem.csproj", "{E337F46B-E4D8-4C28-ACD4-D12501E2C5A8}"
EndProject
Global
	GlobalSection(SolutionConfigurationPlatforms) = preSolution
		Debug|Any CPU = Debug|Any CPU
		Debug|x64 = Debug|x64
		Debug|x86 = Debug|x86
		Release|Any CPU = Release|Any CPU
		Release|x64 = Release|x64
		Release|x86 = Release|x86
	EndGlobalSection
	GlobalSection(ProjectConfigurationPlatforms) = postSolution
		{2DBF069A-CB0D-4E8F-BB94-841CACFA244B}.Debug|Any CPU.ActiveCfg = Debug|Any CPU
		{2DBF069A-CB0D-4E8F-BB94-841CACFA244B}.Debug|Any CPU.Build.0 = Debug|Any CPU
		{2DBF069A-CB0D-4E8F-BB94-841CACFA244B}.Debug|x64.ActiveCfg = Debug|Any CPU
		{2DBF069A-CB0D-4E8F-BB94-841CACFA244B}.Debug|x64.Build.0 = Debug|Any CPU
		{2DBF069A-CB0D-4E8F-BB94-841CACFA244B}.Debug|x86.ActiveCfg = Debug|Any CPU
		{2DBF069A-CB0D-4E8F-BB94-841CACFA244B}.Debug|x86.Build.0 = Debug|Any CPU
		{2DBF069A-CB0D-4E8F-BB94-841CACFA244B}.Release|Any CPU.ActiveCfg = Release|Any CPU
		{2DBF069A-CB0D-4E8F-BB94-841CACFA244B}.Release|Any CPU.Build.0 = Release|Any CPU
		{2DBF069A-CB0D-4E8F-BB94-841CACFA244B}.Release|x64.ActiveCfg = Release|Any CPU
		{2DBF069A-CB0D-4E8F-BB94-841CACFA244B}.Release|x64.Build.0 = Release|Any CPU
		{2DBF069A-CB0D-4E8F-BB94-841CACFA244B}.Release|x86.ActiveCfg = Release|Any CPU
		{2DBF069A-CB0D-4E8F-BB94-841CACFA244B}.Release|x86.Build.0 = Release|Any CPU
		{DAAB70F2-D3ED-488E-855C-344FA67AE971}.Debug|Any CPU.ActiveCfg = Debug|Any CPU
		{DAAB70F2-D3ED-488E-855C-344FA67AE971}.Debug|Any CPU.Build.0 = Debug|Any CPU
		{DAAB70F2-D3ED-488E-855C-344FA67AE971}.Debug|x64.ActiveCfg = Debug|Any CPU
		{DAAB70F2-D3ED-488E-855C-344FA67AE971}.Debug|x64.Build.0 = Debug|Any CPU
		{DAAB70F2-D3ED-488E-855C-344FA67AE971}.Debug|x86.ActiveCfg = Debug|Any CPU
		{DAAB70F2-D3ED-488E-855C-344FA67AE971}.Debug|x86.Build.0 = Debug|Any CPU
		{DAAB70F2-D3ED-488E-855C-344FA67AE971}.Release|Any CPU.ActiveCfg = Release|Any CPU
		{DAAB70F2-D3ED-488E-855C-344FA67AE971}.Release|Any CPU.Build.0 = Release|Any CPU
		{DAAB70F2-D3ED-488E-855C-344FA67AE971}.Release|x64.ActiveCfg = Release|Any CPU
		{DAAB70F2-D3ED-488E-855C-344FA67AE971}.Release|x64.Build.0 = Release|Any CPU
		{DAAB70F2-D3ED-488E-855C-344FA67AE971}.Release|x86.ActiveCfg = Release|Any CPU
		{DAAB70F2-D3ED-488E-855C-344FA67AE971}.Release|x86.Build.0 = Release|Any CPU
		{E337F46B-E4D8-4C28-ACD4-D12501E2C5A8}.Debug|Any CPU.ActiveCfg = Debug|Any CPU
		{E337F46B-E4D8-4C28-ACD4-D12501E2C5A8}.Debug|Any CPU.Build.0 = Debug|Any CPU
		{E337F46B-E4D8-4C28-ACD4-D12501E2C5A8}.Debug|x64.ActiveCfg = Debug|Any CPU
		{E337F46B-E4D8-4C28-ACD4-D12501E2C5A8}.Debug|x64.Build.0 = Debug|Any CPU
		{E337F46B-E4D8-4C28-ACD4-D12501E2C5A8}.Debug|x86.ActiveCfg = Debug|Any CPU
		{E337F46B-E4D8-4C28-ACD4-D12501E2C5A8}.Debug|x86.Build.0 = Debug|Any CPU
		{E337F46B-E4D8-4C28-ACD4-D12501E2C5A8}.Release|Any CPU.ActiveCfg = Release|Any CPU
		{E337F46B-E4D8-4C28-ACD4-D12501E2C5A8}.Release|Any CPU.Build.0 = Release|Any CPU
		{E337F46B-E4D8-4C28-ACD4-D12501E2C5A8}.Release|x64.ActiveCfg = Release|Any CPU
		{E337F46B-E4D8-4C28-ACD4-D12501E2C5A8}.Release|x64.Build.0 = Release|Any CPU
		{E337F46B-E4D8-4C28-ACD4-D12501E2C5A8}.Release|x86.ActiveCfg = Release|Any CPU
		{E337F46B-E4D8-4C28-ACD4-D12501E2C5A8}.Release|x86.Build.0 = Release|Any CPU
	EndGlobalSection
	GlobalSection(SolutionProperties) = preSolution
		HideSolutionNode = FALSE
	EndGlobalSection
EndGlobal
